
Microsoft Visual Studio Solution File, Format Version 12.00
# Visual Studio Version 17
VisualStudioVersion = 17.1.32328.378
MinimumVisualStudioVersion = 10.0.40219.1
Project("{FAE04EC0-301F-11D3-BF4B-00C04F79EFBC}") = "Api", "Api\Api.csproj", "{9349D934-C510-4061-B5B9-22C71965C92B}"
EndProject
Project("{FAE04EC0-301F-11D3-BF4B-00C04F79EFBC}") = "Application", "Application\Application.csproj", "{BAD85C1E-984C-4ED4-B3DB-4B26ECD92AF4}"
EndProject
Project("{FAE04EC0-301F-11D3-BF4B-00C04F79EFBC}") = "Domain", "Domain\Domain.csproj", "{CE0A795E-3069-4C50-875E-A4E380E43CE2}"
EndProject
Project("{FAE04EC0-301F-11D3-BF4B-00C04F79EFBC}") = "Infra", "Infra\Infra.csproj", "{3B16B280-99D2-4EF2-AE06-64DF8575644A}"
EndProject
Global
	GlobalSection(SolutionConfigurationPlatforms) = preSolution
		Debug|Any CPU = Debug|Any CPU
		Release|Any CPU = Release|Any CPU
	EndGlobalSection
	GlobalSection(ProjectConfigurationPlatforms) = postSolution
		{9349D934-C510-4061-B5B9-22C71965C92B}.Debug|Any CPU.ActiveCfg = Debug|Any CPU
		{9349D934-C510-4061-B5B9-22C71965C92B}.Debug|Any CPU.Build.0 = Debug|Any CPU
		{9349D934-C510-4061-B5B9-22C71965C92B}.Release|Any CPU.ActiveCfg = Release|Any CPU
		{9349D934-C510-4061-B5B9-22C71965C92B}.Release|Any CPU.Build.0 = Release|Any CPU
		{BAD85C1E-984C-4ED4-B3DB-4B26ECD92AF4}.Debug|Any CPU.ActiveCfg = Debug|Any CPU
		{BAD85C1E-984C-4ED4-B3DB-4B26ECD92AF4}.Debug|Any CPU.Build.0 = Debug|Any CPU
		{BAD85C1E-984C-4ED4-B3DB-4B26ECD92AF4}.Release|Any CPU.ActiveCfg = Release|Any CPU
		{BAD85C1E-984C-4ED4-B3DB-4B26ECD92AF4}.Release|Any CPU.Build.0 = Release|Any CPU
		{CE0A795E-3069-4C50-875E-A4E380E43CE2}.Debug|Any CPU.ActiveCfg = Debug|Any CPU
		{CE0A795E-3069-4C50-875E-A4E380E43CE2}.Debug|Any CPU.Build.0 = Debug|Any CPU
		{CE0A795E-3069-4C50-875E-A4E380E43CE2}.Release|Any CPU.ActiveCfg = Release|Any CPU
		{CE0A795E-3069-4C50-875E-A4E380E43CE2}.Release|Any CPU.Build.0 = Release|Any CPU
		{3B16B280-99D2-4EF2-AE06-64DF8575644A}.Debug|Any CPU.ActiveCfg = Debug|Any CPU
		{3B16B280-99D2-4EF2-AE06-64DF8575644A}.Debug|Any CPU.Build.0 = Debug|Any CPU
		{3B16B280-99D2-4EF2-AE06-64DF8575644A}.Release|Any CPU.ActiveCfg = Release|Any CPU
		{3B16B280-99D2-4EF2-AE06-64DF8575644A}.Release|Any CPU.Build.0 = Release|Any CPU
	EndGlobalSection
	GlobalSection(SolutionProperties) = preSolution
		HideSolutionNode = FALSE
	EndGlobalSection
	GlobalSection(ExtensibilityGlobals) = postSolution
		SolutionGuid = {5179D30C-FB12-4F24-B867-28C8F4368D12}
	EndGlobalSection
EndGlobal
